{
  "name": "assistant-ui-starter",
  "version": "0.1.0",
  "lockfileVersion": 3,
  "requires": true,
  "packages": {
    "": {
      "name": "assistant-ui-starter",
      "version": "0.1.0",
      "dependencies": {
        "@ai-sdk/google": "^1.2.13",
        "@ai-sdk/openai": "^1.3.16",
        "@assistant-ui/react": "^0.10.2",
        "@assistant-ui/react-ai-sdk": "^0.10.6",
        "@assistant-ui/react-markdown": "^0.10.2",
        "@radix-ui/react-slot": "^1.2.0",
        "@radix-ui/react-tooltip": "^1.2.3",
        "ai": "^4.3.10",
        "class-variance-authority": "^0.7.1",
        "clsx": "^2.1.1",
        "lucide-react": "^0.503.0",
        "next": "15.3.8",
        "react": "^19.1.0",
        "react-dom": "^19.1.0",
        "remark-gfm": "^4.0.1",
        "tailwind-merge": "^3.2.0",
        "tw-animate-css": "^1.2.8"
      },
      "devDependencies": {
        "@eslint/eslintrc": "^3",
        "@tailwindcss/postcss": "^4",
        "@types/node": "^22",
        "@types/react": "^19",
        "@types/react-dom": "^19",
        "eslint": "^9",
        "eslint-config-next": "15.3.1",
        "tailwindcss": "^4",
        "typescript": "^5"
      }
    },
    "node_modules/@ai-sdk/google": {
      "version": "1.2.13",
      "resolved": "https://registry.npmjs.org/@ai-sdk/google/-/google-1.2.13.tgz",
      "integrity": "sha512-nnHDzbX1Zst28AjP3718xSWsEqx++qmFuqmnDc2Htelc02HyO6WkWOXMH+YVK3W8zdIyZEKpHL9KKlql7pa10A==",
      "license": "Apache-2.0",
      "dependencies": {
        "@ai-sdk/provider": "1.1.3",
        "@ai-sdk/provider-utils": "2.2.7"
      },
      "engines": {
        "node": ">=18"
      },
      "peerDependencies": {
        "zod": "^3.0.0"
      }
    },
    "node_modules/@ai-sdk/openai": {
      "version": "1.3.19",
      "resolved": "https://registry.npmjs.org/@ai-sdk/openai/-/openai-1.3.19.tgz",
      "integrity": "sha512-VB0ZutZwb6LJBIAV5pJZsSuL3O+GeTAeG4OifRpf014nJF/QlbZIWDvEWfcTq65d85fO/vg1NTv8jVKYRi+JFQ==",
      "license": "Apache-2.0",
      "dependencies": {
        "@ai-sdk/provider": "1.1.3",
        "@ai-sdk/provider-utils": "2.2.7"
      },
      "engines": {
        "node": ">=18"
      },
      "peerDependencies": {
        "zod": "^3.0.0"
      }
    },
    ...
    "node_modules/@next/env": {
      "version": "15.3.8",
      "resolved": "https://registry.npmjs.org/@next/env/-/env-15.3.8.tgz",
      "integrity": "sha512-SAfHg0g91MQVMPioeFeDjE+8UPF3j3BvHjs8ZKJAUz1BG7eMPvfCKOAgNWJ6s1MLNeP6O2InKQRTNblxPWuq+Q==",
      "license": "MIT"
    },
    "node_modules/@next/swc-darwin-arm64": {
      "version": "15.3.5",
      "resolved": "https://registry.npm.org/@next/swc-darwin-arm64/-/swc-darwin-arm64-15.3.5.tgz",
      "integrity": "sha512-lM/8tilIsqBq+2nq9kbTW19vfwFve0NR7MxfkuSUbRSgXlMQoJYg+31+++XwKVSXk4uT23G2eF/7BRIKdn8t8w==",
      "cpu": [
        "arm64"
      ],
      "license": "MIT",
      "optional": true,
      "os": [
        "darwin"
      ],
      "engines": {
        "node": ">= 10"
      }
    },
    "node_modules/@next/swc-darwin-x64": {
      "version": "15.3.5",
      "resolved": "https://registry.npm.org/@next/swc-darwin-x64/-/swc-darwin-x64-15.3.5.tgz",
      "integrity": "sha512-WhwegPQJ5IfoUNZUVsI9TRAlKpjGVK0tpJTL6KeiC4cux9774NYE9Wu/iCfIkL/5J8rPAkqZpG7n+EfiAfidXA==",
      "cpu": [
        "x64"
      ],
      "license": "MIT",
      "optional": true,
      "os": [
        "darwin"
      ],
      "engines": {
        "node": ">= 10"
      }
    },
    "node_modules/@next/swc-linux-arm64-gnu": {
      "version": "15.3.5",
      "resolved": "https://registry.npm.org/@next/swc-linux-arm64-gnu/-/swc-linux-arm64-gnu-15.3.5.tgz",
      "integrity": "sha512-LVD6uMOZ7XePg3KWYdGuzuvVboxujGjbcuP2jsPAN3MnLdLoZUXKRc6ixxfs03RH7qBdEHCZjyLP/jBdCJVRJQ==",
      "cpu": [
        "arm64"
      ],
      "license": "MIT",
      "optional": true,
      "os": [
        "linux"
      ],
      "engines": {
        "node": ">= 10"
      }
    },
    "node_modules/@next/swc-linux-arm64-musl": {
      "version": "15.3.5",
      "resolved": "https://registry.npm.org/@next/swc-linux-arm64-musl/-/swc-linux-arm64-musl-15.3.5.tgz",
      "integrity": "sha512-k8aVScYZ++BnS2P69ClK7v4nOu702jcF9AIHKu6llhHEtBSmM2zkPGl9yoqbSU/657IIIb0QHpdxEr0iW9z53A==",
      "cpu": [
        "arm64"
      ],
      "license": "MIT",
      "optional": true,
      "os": [
        "linux"
      ],
      "engines": {
        "node": ">= 10"
      }
    },
    "node_modules/@next/swc-linux-x64-gnu": {
      "version": "15.3.5",
      "resolved": "https://registry.npm.org/@next/swc-linux-x64-gnu/-/swc-linux-x64-gnu-15.3.5.tgz",
      "integrity": "sha512-2xYU0DI9DGN/bAHzVwADid22ba5d/xrbrQlr2U+/Q5WkFUzeL0TDR963BdrtLS/4bMmKZGptLeg6282H/S2i8A==",
      "cpu": [
        "x64"
      ],
      "license": "MIT",
      "optional": true,
      "os": [
        "linux"
      ],
      "engines": {
        "node": ">= 10"
      }
    },
    "node_modules/@next/swc-linux-x64-musl": {
      "version": "15.3.5",
      "resolved": "https://registry.npm.org/@next/swc-linux-x64-musl/-/swc-linux-x64-musl-15.3.5.tgz",
      "integrity": "sha512-TRYIqAGf1KCbuAB0gjhdn5Ytd8fV+wJSM2Nh2is/xEqR8PZHxfQuaiNhoF50XfY90sNpaRMaGhF6E+qjV1b9Tg==",
      "cpu": [
        "x64"
      ],
      "license": "MIT",
      "optional": true,
      "os": [
        "linux"
      ],
      "engines": {
        "node": ">= 10"
      }
    },
    "node_modules/@next/swc-win32-arm64-msvc": {
      "version": "15.3.5",
      "resolved": "https://registry.npmjs.org/@next/swc-win32-arm64-msvc/-/swc-win32-arm64-msvc-15.3.5.tgz",
      "integrity": "sha512-h04/7iMEUSMY6fDGCvdanKqlO1qYvzNxntZlCzfE8i5P0uqzVQWQquU1TIhlz0VqGQGXLrFDuTJVONpqGqjGKQ==",
      "cpu": [
        "arm64"
      ],
      "license": "MIT",
      "optional": true,
      "os": [
        "win32"
      ],
      "engines": {
        "node": ">= 10"
      }
    },
    "node_modules/@next/swc-win32-x64-msvc": {
      "version": "15.3.5",
      "resolved": "https://registry.npm.org/@next/swc-win32-x64-msvc/-/swc-win32-x64-msvc-15.3.5.tgz",
      "integrity": "sha512-5fhH6fccXxnX2KhllnGhkYMndhOiLOLEiVGYjP2nizqeGWkN10sA9taATlXwake2E2XMvYZjjz0Uj7T0y+z1yw==",
      "cpu": [
        "x64"
      ],
      "license": "MIT",
      "optional": true,
      "os": [
        "win32"
      ],
      "engines": {
        "node": ">= 10"
      }
    },
    ...
    "node_modules/next": {
      "version": "15.3.8",
      "resolved": "https://registry.npmjs.org/next/-/next-15.3.8.tgz",
      "integrity": "sha512-L+4c5Hlr84fuaNADZbB9+ceRX9/CzwxJ+obXIGHupboB/Q1OLbSUapFs4bO8hnS/E6zV/JDX7sG1QpKVR2bguA==",
      "license": "MIT",
      "dependencies": {
        "@next/env": "15.3.8",
        "@swc/counter": "0.1.3",
        "@swc/helpers": "0.5.15",
        "busboy": "1.6.0",
        "node": "^18.18.0 || ^19.8.0 || >= 20.0.0"
      },
      "optionalDependencies": {
        "@next/swc-darwin-arm64": "15.3.5",
        "@next/swc-darwin-x64": "15.3.5",
        "@next/swc-linux-arm64-gnu": "15.3.5",
        "@next/swc-linux-arm64-musl": "15.3.5",
        "@next/swc-linux-x64-gnu": "15.3.5",
        "@next/swc-linux-x64-musl": "15.3.5",
        "@next/swc-win32-arm64-msvc": "15.3.5",
        "@next/swc-win32-x64-msvc": "15.3.5",
        "sharp": "^0.34.1"
      },
      "peerDependencies": {}
    }
  },
  "dependencies": {
    "@ai-sdk/google": {
      "version": "1.2.13",
      "resolved": "https://registry.npmjs.org/@ai-sdk/google/-/google-1.2.13.tgz",
      "integrity": "sha512-nnHDzbX1Zst28AjP3718xSWsEqx++qmFuqmnDc2Htelc02HyO6WkWOXMH+YVK3W8zdIyZEKpHL9KKlql7pa10A==",
      "requires": {
        "@ai-sdk/provider": "1.1.3",
        "@ai-sdk/provider-utils": "2.2.7"
      }
    },
    ...
    "next": {
      "version": "15.3.8",
      "resolved": "https://registry.npmjs.org/next/-/next-15.3.8.tgz",
      "integrity": "sha512-L+4c5Hlr84fuaNADZbB9+ceRX9/CzwxJ+obXIGHupboB/Q1OLbSUapFs4bO8hnS/E6zV/JDX7sG1QpKVR2bguA==",
      "requires": {
        "@next/env": "15.3.8",
        "@swc/counter": "0.1.3",
        "@swc/helpers": "0.5.15",
        "busboy": "1.6.0"
      }
    }
  }
}
